PODS:
  - Masonry (1.1.0)
  - ReactiveObjC (3.1.1)
  - SSZipArchive (2.4.3)
  - SVProgressHUD (2.3.1):
    - SVProgressHUD/Core (= 2.3.1)
  - SVProgressHUD/Core (2.3.1)
  - WatchfaceSDK (1.0.6):
    - Masonry
    - SSZipArchive
    - Zip (~> 2.1)
  - Zip (2.1.2)

DEPENDENCIES:
  - ReactiveObjC
  - SVProgressHUD
  - WatchfaceSDK (from `https://github.com/HWdan/WatchfaceSDK.git`, branch `main`)

SPEC REPOS:
  https://github.com/CocoaPods/Specs.git:
    - Masonry
    - ReactiveObjC
    - SSZipArchive
    - SVProgressHUD
    - Zip

EXTERNAL SOURCES:
  WatchfaceSDK:
    :branch: main
    :git: https://github.com/HWdan/WatchfaceSDK.git

CHECKOUT OPTIONS:
  WatchfaceSDK:
    :commit: 4ddc2f1d7b007233306c2244752a7c5fa6c275b1
    :git: https://github.com/HWdan/WatchfaceSDK.git

SPEC CHECKSUMS:
  Masonry: 678fab65091a9290e40e2832a55e7ab731aad201
  ReactiveObjC: 011caa393aa0383245f2dcf9bf02e86b80b36040
  SSZipArchive: fe6a26b2a54d5a0890f2567b5cc6de5caa600aef
  SVProgressHUD: 4837c74bdfe2e51e8821c397825996a8d7de6e22
  WatchfaceSDK: 2e7f53ac19c9b0256e6256b5d096a98bacba5f0c
  Zip: b3fef584b147b6e582b2256a9815c897d60ddc67

PODFILE CHECKSUM: 6ef24487165dd62e92edca6d3ce1605c8184ac03

COCOAPODS: 1.16.2
